
Microsoft Visual Studio Solution File, Format Version 12.00
# Visual Studio Version 16
VisualStudioVersion = 16.0.31220.234
MinimumVisualStudioVersion = 10.0.40219.1
Project("{FAE04EC0-301F-11D3-BF4B-00C04F79EFBC}") = "ClassTestApp", "ClassTestApp\ClassTestApp.csproj", "{97E71CDC-17C9-4E57-BDE4-818B58B5FAD4}"
EndProject
Project("{FAE04EC0-301F-11D3-BF4B-00C04F79EFBC}") = "InterfaceTestApp", "InterfaceTestApp\InterfaceTestApp.csproj", "{EB181764-98BB-4BC5-B658-84D32D5FBA04}"
EndProject
Project("{FAE04EC0-301F-11D3-BF4B-00C04F79EFBC}") = "UsingInterfaceTestApp", "UsingInterfaceTestApp\UsingInterfaceTestApp.csproj", "{7C836F2A-A72E-4415-9D3D-FD658FBE8296}"
EndProject
Global
	GlobalSection(SolutionConfigurationPlatforms) = preSolution
		Debug|Any CPU = Debug|Any CPU
		Release|Any CPU = Release|Any CPU
	EndGlobalSection
	GlobalSection(ProjectConfigurationPlatforms) = postSolution
		{97E71CDC-17C9-4E57-BDE4-818B58B5FAD4}.Debug|Any CPU.ActiveCfg = Debug|Any CPU
		{97E71CDC-17C9-4E57-BDE4-818B58B5FAD4}.Debug|Any CPU.Build.0 = Debug|Any CPU
		{97E71CDC-17C9-4E57-BDE4-818B58B5FAD4}.Release|Any CPU.ActiveCfg = Release|Any CPU
		{97E71CDC-17C9-4E57-BDE4-818B58B5FAD4}.Release|Any CPU.Build.0 = Release|Any CPU
		{EB181764-98BB-4BC5-B658-84D32D5FBA04}.Debug|Any CPU.ActiveCfg = Debug|Any CPU
		{EB181764-98BB-4BC5-B658-84D32D5FBA04}.Debug|Any CPU.Build.0 = Debug|Any CPU
		{EB181764-98BB-4BC5-B658-84D32D5FBA04}.Release|Any CPU.ActiveCfg = Release|Any CPU
		{EB181764-98BB-4BC5-B658-84D32D5FBA04}.Release|Any CPU.Build.0 = Release|Any CPU
		{7C836F2A-A72E-4415-9D3D-FD658FBE8296}.Debug|Any CPU.ActiveCfg = Debug|Any CPU
		{7C836F2A-A72E-4415-9D3D-FD658FBE8296}.Debug|Any CPU.Build.0 = Debug|Any CPU
		{7C836F2A-A72E-4415-9D3D-FD658FBE8296}.Release|Any CPU.ActiveCfg = Release|Any CPU
		{7C836F2A-A72E-4415-9D3D-FD658FBE8296}.Release|Any CPU.Build.0 = Release|Any CPU
	EndGlobalSection
	GlobalSection(SolutionProperties) = preSolution
		HideSolutionNode = FALSE
	EndGlobalSection
	GlobalSection(ExtensibilityGlobals) = postSolution
		SolutionGuid = {B2702844-60D9-4BA6-95EF-265E97113707}
	EndGlobalSection
EndGlobal
