
Microsoft Visual Studio Solution File, Format Version 12.00
# Visual Studio Version 16
VisualStudioVersion = 16.0.31220.234
MinimumVisualStudioVersion = 10.0.40219.1
Project("{9A19103F-16F7-4668-BE54-9A1E7A4F7556}") = "ClassTestApp", "ClassTestApp\ClassTestApp.csproj", "{97E71CDC-17C9-4E57-BDE4-818B58B5FAD4}"
EndProject
Project("{9A19103F-16F7-4668-BE54-9A1E7A4F7556}") = "InterfaceTestApp", "InterfaceTestApp\InterfaceTestApp.csproj", "{EB181764-98BB-4BC5-B658-84D32D5FBA04}"
EndProject
Project("{9A19103F-16F7-4668-BE54-9A1E7A4F7556}") = "UsingInterfaceTestApp", "UsingInterfaceTestApp\UsingInterfaceTestApp.csproj", "{7C836F2A-A72E-4415-9D3D-FD658FBE8296}"
EndProject
Project("{9A19103F-16F7-4668-BE54-9A1E7A4F7556}") = "AbstractClassTestApp", "AbstractClassTestApp\AbstractClassTestApp.csproj", "{824F8980-791A-4045-8891-E62E769BA5D0}"
EndProject
Project("{9A19103F-16F7-4668-BE54-9A1E7A4F7556}") = "PropertyTestApp", "PropertyTestApp\PropertyTestApp.csproj", "{BAA13FC0-2DAA-49D1-841B-4AF838BE23BF}"
EndProject
Project("{9A19103F-16F7-4668-BE54-9A1E7A4F7556}") = "ArrayTestApp", "ArrayTestApp\ArrayTestApp.csproj", "{806F71AD-26BE-4DC7-B1AC-E1E6F437E11A}"
EndProject
Project("{9A19103F-16F7-4668-BE54-9A1E7A4F7556}") = "ArrayClassTestApp", "ArrayClassTestApp\ArrayClassTestApp.csproj", "{36B30FC7-BF6A-42B4-8D72-D975E3C4C75E}"
EndProject
Project("{9A19103F-16F7-4668-BE54-9A1E7A4F7556}") = "CollectionTestApp", "CollectionTestApp\CollectionTestApp.csproj", "{39595D79-FE3F-4548-A8E8-B1CA6AB2B2C4}"
EndProject
Project("{9A19103F-16F7-4668-BE54-9A1E7A4F7556}") = "QueueTestApp", "QueueTestApp\QueueTestApp.csproj", "{D5A3CEE7-3EFF-4D85-B372-464078110F4D}"
EndProject
Project("{9A19103F-16F7-4668-BE54-9A1E7A4F7556}") = "IndexerTestApp", "IndexerTestApp\IndexerTestApp.csproj", "{BC411C45-DB8F-4D20-A5D3-9722FC9D1AE1}"
EndProject
Project("{9A19103F-16F7-4668-BE54-9A1E7A4F7556}") = "GenericTestApp", "GenericTestApp\GenericTestApp.csproj", "{90AF9002-8CE7-4562-8258-3F62292E04F6}"
EndProject
Project("{9A19103F-16F7-4668-BE54-9A1E7A4F7556}") = "GenericTestApp2", "GenericTestApp2\GenericTestApp2.csproj", "{6DF6D150-A536-42F8-9EF9-5680F5B67150}"
EndProject
Project("{9A19103F-16F7-4668-BE54-9A1E7A4F7556}") = "GenericMyListApp", "GenericMyListApp\GenericMyListApp.csproj", "{A41603DF-A651-4078-ABBB-149C398BE408}"
EndProject
Project("{9A19103F-16F7-4668-BE54-9A1E7A4F7556}") = "GenericCollectionApp", "GenericCollectionApp\GenericCollectionApp.csproj", "{EA0782E2-34BD-4787-8AC5-CCBDB00EDAAD}"
EndProject
Project("{9A19103F-16F7-4668-BE54-9A1E7A4F7556}") = "ExceptionTestApp", "ExceptionTestApp\ExceptionTestApp.csproj", "{BA28FD10-A215-4926-B4C8-7DE40ACE111D}"
EndProject
Project("{9A19103F-16F7-4668-BE54-9A1E7A4F7556}") = "DelegateTestApp", "DelegateTestApp\DelegateTestApp.csproj", "{7A45FF80-E743-4FEE-9511-4A6B9D0C74C6}"
EndProject
Project("{9A19103F-16F7-4668-BE54-9A1E7A4F7556}") = "DelegateChainApp", "DelegateChainApp\DelegateChainApp.csproj", "{8E8DC896-E87D-4CF9-B3A0-2F72E656D92F}"
EndProject
Project("{9A19103F-16F7-4668-BE54-9A1E7A4F7556}") = "EventHandlerTestApp", "EventHandlerTestApp\EventHandlerTestApp.csproj", "{383F4FEB-96E5-4CD5-857D-DF40EC4D5BB0}"
EndProject
Project("{9A19103F-16F7-4668-BE54-9A1E7A4F7556}") = "EventHandlerCheckApp", "EventHandlerCheckApp\EventHandlerCheckApp.csproj", "{9BFE4C01-8B5E-4A65-86FD-A1060BE68C3C}"
EndProject
Project("{FAE04EC0-301F-11D3-BF4B-00C04F79EFBC}") = "LambdaTestApp", "LambdaTestApp\LambdaTestApp.csproj", "{B2B1DDE9-36BC-4D53-A6F9-8D1FE7AF76D0}"
EndProject
Project("{FAE04EC0-301F-11D3-BF4B-00C04F79EFBC}") = "LinqTestApp", "LinqTestApp\LinqTestApp.csproj", "{E5A38C99-1414-43D4-ABFE-2DC7563B83A8}"
EndProject
Project("{FAE04EC0-301F-11D3-BF4B-00C04F79EFBC}") = "ReflectionTestApp", "ReflectionTestApp\ReflectionTestApp.csproj", "{FF2565C4-0AFD-4DB4-AA6D-994D1624B66D}"
EndProject
Project("{FAE04EC0-301F-11D3-BF4B-00C04F79EFBC}") = "DynCreationTestApp", "DynCreationTestApp\DynCreationTestApp.csproj", "{1E4C0D57-FFBF-4B0C-95C9-4452342D02A8}"
EndProject
Project("{FAE04EC0-301F-11D3-BF4B-00C04F79EFBC}") = "AttributeTestApp", "AttributeTestApp\AttributeTestApp.csproj", "{F1629477-CC28-4F61-B5BC-11FACCD4441A}"
EndProject
Project("{FAE04EC0-301F-11D3-BF4B-00C04F79EFBC}") = "CalcUnitTestApp", "CalcUnitTestApp\CalcUnitTestApp.csproj", "{59C1D89D-AF09-4428-AAF8-75CCE6573F4D}"
EndProject
Project("{FAE04EC0-301F-11D3-BF4B-00C04F79EFBC}") = "FileDirectoryTestApp", "FileDirectoryTestApp\FileDirectoryTestApp.csproj", "{5D716F6A-1533-4B04-BC14-A4D065C2D679}"
EndProject
Project("{FAE04EC0-301F-11D3-BF4B-00C04F79EFBC}") = "FileReadingTestApp", "FileReadingTestApp\FileReadingTestApp.csproj", "{185DE51A-4E49-433F-855B-384864CEC554}"
EndProject
Project("{FAE04EC0-301F-11D3-BF4B-00C04F79EFBC}") = "NLoggerTestApp", "NLoggerTestApp\NLoggerTestApp.csproj", "{81C12840-ED41-47A1-AEE6-11E349DF4D89}"
EndProject
Project("{FAE04EC0-301F-11D3-BF4B-00C04F79EFBC}") = "BasicThreadTestApp", "BasicThreadTestApp\BasicThreadTestApp.csproj", "{BFCBC999-07A6-4CF1-A493-15B676FB5BAD}"
EndProject
Project("{FAE04EC0-301F-11D3-BF4B-00C04F79EFBC}") = "WinformThreadApp1", "WinformThreadApp1\WinformThreadApp1.csproj", "{589B5B5E-1FD5-4C07-84CB-98723A39FE67}"
EndProject
Project("{FAE04EC0-301F-11D3-BF4B-00C04F79EFBC}") = "ThreadLockTestApp", "ThreadLockTestApp\ThreadLockTestApp.csproj", "{D5E76D75-2C4A-4C22-956E-8B2E03CC1693}"
EndProject
Project("{FAE04EC0-301F-11D3-BF4B-00C04F79EFBC}") = "TastTestApp", "TastTestApp\TastTestApp.csproj", "{6B3F4624-6A69-4579-B535-71CAC7619C48}"
EndProject
Project("{FAE04EC0-301F-11D3-BF4B-00C04F79EFBC}") = "ParallelTestApp", "ParallelTestApp\ParallelTestApp.csproj", "{69654B69-6BEB-46DA-A48A-A7526A72EFEC}"
EndProject
Project("{FAE04EC0-301F-11D3-BF4B-00C04F79EFBC}") = "AsyncTestApp", "AsyncTestApp\AsyncTestApp.csproj", "{2DF43E82-147F-40D2-AB85-825CCF564C59}"
EndProject
Project("{FAE04EC0-301F-11D3-BF4B-00C04F79EFBC}") = "TextEditorApp", "TextEditorApp\TextEditorApp.csproj", "{C7B4271B-1573-4C96-A445-DB847172806B}"
EndProject
Project("{FAE04EC0-301F-11D3-BF4B-00C04F79EFBC}") = "codingTest2", "codingTest2\codingTest2.csproj", "{63FF41E5-088A-4A62-A5D8-AA3446000220}"
EndProject
Global
	GlobalSection(SolutionConfigurationPlatforms) = preSolution
		Debug|Any CPU = Debug|Any CPU
		Release|Any CPU = Release|Any CPU
	EndGlobalSection
	GlobalSection(ProjectConfigurationPlatforms) = postSolution
		{97E71CDC-17C9-4E57-BDE4-818B58B5FAD4}.Debug|Any CPU.ActiveCfg = Debug|Any CPU
		{97E71CDC-17C9-4E57-BDE4-818B58B5FAD4}.Debug|Any CPU.Build.0 = Debug|Any CPU
		{97E71CDC-17C9-4E57-BDE4-818B58B5FAD4}.Release|Any CPU.ActiveCfg = Release|Any CPU
		{97E71CDC-17C9-4E57-BDE4-818B58B5FAD4}.Release|Any CPU.Build.0 = Release|Any CPU
		{EB181764-98BB-4BC5-B658-84D32D5FBA04}.Debug|Any CPU.ActiveCfg = Debug|Any CPU
		{EB181764-98BB-4BC5-B658-84D32D5FBA04}.Debug|Any CPU.Build.0 = Debug|Any CPU
		{EB181764-98BB-4BC5-B658-84D32D5FBA04}.Release|Any CPU.ActiveCfg = Release|Any CPU
		{EB181764-98BB-4BC5-B658-84D32D5FBA04}.Release|Any CPU.Build.0 = Release|Any CPU
		{7C836F2A-A72E-4415-9D3D-FD658FBE8296}.Debug|Any CPU.ActiveCfg = Debug|Any CPU
		{7C836F2A-A72E-4415-9D3D-FD658FBE8296}.Debug|Any CPU.Build.0 = Debug|Any CPU
		{7C836F2A-A72E-4415-9D3D-FD658FBE8296}.Release|Any CPU.ActiveCfg = Release|Any CPU
		{7C836F2A-A72E-4415-9D3D-FD658FBE8296}.Release|Any CPU.Build.0 = Release|Any CPU
		{824F8980-791A-4045-8891-E62E769BA5D0}.Debug|Any CPU.ActiveCfg = Debug|Any CPU
		{824F8980-791A-4045-8891-E62E769BA5D0}.Debug|Any CPU.Build.0 = Debug|Any CPU
		{824F8980-791A-4045-8891-E62E769BA5D0}.Release|Any CPU.ActiveCfg = Release|Any CPU
		{824F8980-791A-4045-8891-E62E769BA5D0}.Release|Any CPU.Build.0 = Release|Any CPU
		{BAA13FC0-2DAA-49D1-841B-4AF838BE23BF}.Debug|Any CPU.ActiveCfg = Debug|Any CPU
		{BAA13FC0-2DAA-49D1-841B-4AF838BE23BF}.Debug|Any CPU.Build.0 = Debug|Any CPU
		{BAA13FC0-2DAA-49D1-841B-4AF838BE23BF}.Release|Any CPU.ActiveCfg = Release|Any CPU
		{BAA13FC0-2DAA-49D1-841B-4AF838BE23BF}.Release|Any CPU.Build.0 = Release|Any CPU
		{806F71AD-26BE-4DC7-B1AC-E1E6F437E11A}.Debug|Any CPU.ActiveCfg = Debug|Any CPU
		{806F71AD-26BE-4DC7-B1AC-E1E6F437E11A}.Debug|Any CPU.Build.0 = Debug|Any CPU
		{806F71AD-26BE-4DC7-B1AC-E1E6F437E11A}.Release|Any CPU.ActiveCfg = Release|Any CPU
		{806F71AD-26BE-4DC7-B1AC-E1E6F437E11A}.Release|Any CPU.Build.0 = Release|Any CPU
		{36B30FC7-BF6A-42B4-8D72-D975E3C4C75E}.Debug|Any CPU.ActiveCfg = Debug|Any CPU
		{36B30FC7-BF6A-42B4-8D72-D975E3C4C75E}.Debug|Any CPU.Build.0 = Debug|Any CPU
		{36B30FC7-BF6A-42B4-8D72-D975E3C4C75E}.Release|Any CPU.ActiveCfg = Release|Any CPU
		{36B30FC7-BF6A-42B4-8D72-D975E3C4C75E}.Release|Any CPU.Build.0 = Release|Any CPU
		{39595D79-FE3F-4548-A8E8-B1CA6AB2B2C4}.Debug|Any CPU.ActiveCfg = Debug|Any CPU
		{39595D79-FE3F-4548-A8E8-B1CA6AB2B2C4}.Debug|Any CPU.Build.0 = Debug|Any CPU
		{39595D79-FE3F-4548-A8E8-B1CA6AB2B2C4}.Release|Any CPU.ActiveCfg = Release|Any CPU
		{39595D79-FE3F-4548-A8E8-B1CA6AB2B2C4}.Release|Any CPU.Build.0 = Release|Any CPU
		{D5A3CEE7-3EFF-4D85-B372-464078110F4D}.Debug|Any CPU.ActiveCfg = Debug|Any CPU
		{D5A3CEE7-3EFF-4D85-B372-464078110F4D}.Debug|Any CPU.Build.0 = Debug|Any CPU
		{D5A3CEE7-3EFF-4D85-B372-464078110F4D}.Release|Any CPU.ActiveCfg = Release|Any CPU
		{D5A3CEE7-3EFF-4D85-B372-464078110F4D}.Release|Any CPU.Build.0 = Release|Any CPU
		{BC411C45-DB8F-4D20-A5D3-9722FC9D1AE1}.Debug|Any CPU.ActiveCfg = Debug|Any CPU
		{BC411C45-DB8F-4D20-A5D3-9722FC9D1AE1}.Debug|Any CPU.Build.0 = Debug|Any CPU
		{BC411C45-DB8F-4D20-A5D3-9722FC9D1AE1}.Release|Any CPU.ActiveCfg = Release|Any CPU
		{BC411C45-DB8F-4D20-A5D3-9722FC9D1AE1}.Release|Any CPU.Build.0 = Release|Any CPU
		{90AF9002-8CE7-4562-8258-3F62292E04F6}.Debug|Any CPU.ActiveCfg = Debug|Any CPU
		{90AF9002-8CE7-4562-8258-3F62292E04F6}.Debug|Any CPU.Build.0 = Debug|Any CPU
		{90AF9002-8CE7-4562-8258-3F62292E04F6}.Release|Any CPU.ActiveCfg = Release|Any CPU
		{90AF9002-8CE7-4562-8258-3F62292E04F6}.Release|Any CPU.Build.0 = Release|Any CPU
		{6DF6D150-A536-42F8-9EF9-5680F5B67150}.Debug|Any CPU.ActiveCfg = Debug|Any CPU
		{6DF6D150-A536-42F8-9EF9-5680F5B67150}.Debug|Any CPU.Build.0 = Debug|Any CPU
		{6DF6D150-A536-42F8-9EF9-5680F5B67150}.Release|Any CPU.ActiveCfg = Release|Any CPU
		{6DF6D150-A536-42F8-9EF9-5680F5B67150}.Release|Any CPU.Build.0 = Release|Any CPU
		{A41603DF-A651-4078-ABBB-149C398BE408}.Debug|Any CPU.ActiveCfg = Debug|Any CPU
		{A41603DF-A651-4078-ABBB-149C398BE408}.Debug|Any CPU.Build.0 = Debug|Any CPU
		{A41603DF-A651-4078-ABBB-149C398BE408}.Release|Any CPU.ActiveCfg = Release|Any CPU
		{A41603DF-A651-4078-ABBB-149C398BE408}.Release|Any CPU.Build.0 = Release|Any CPU
		{EA0782E2-34BD-4787-8AC5-CCBDB00EDAAD}.Debug|Any CPU.ActiveCfg = Debug|Any CPU
		{EA0782E2-34BD-4787-8AC5-CCBDB00EDAAD}.Debug|Any CPU.Build.0 = Debug|Any CPU
		{EA0782E2-34BD-4787-8AC5-CCBDB00EDAAD}.Release|Any CPU.ActiveCfg = Release|Any CPU
		{EA0782E2-34BD-4787-8AC5-CCBDB00EDAAD}.Release|Any CPU.Build.0 = Release|Any CPU
		{BA28FD10-A215-4926-B4C8-7DE40ACE111D}.Debug|Any CPU.ActiveCfg = Debug|Any CPU
		{BA28FD10-A215-4926-B4C8-7DE40ACE111D}.Debug|Any CPU.Build.0 = Debug|Any CPU
		{BA28FD10-A215-4926-B4C8-7DE40ACE111D}.Release|Any CPU.ActiveCfg = Release|Any CPU
		{BA28FD10-A215-4926-B4C8-7DE40ACE111D}.Release|Any CPU.Build.0 = Release|Any CPU
		{7A45FF80-E743-4FEE-9511-4A6B9D0C74C6}.Debug|Any CPU.ActiveCfg = Debug|Any CPU
		{7A45FF80-E743-4FEE-9511-4A6B9D0C74C6}.Debug|Any CPU.Build.0 = Debug|Any CPU
		{7A45FF80-E743-4FEE-9511-4A6B9D0C74C6}.Release|Any CPU.ActiveCfg = Release|Any CPU
		{7A45FF80-E743-4FEE-9511-4A6B9D0C74C6}.Release|Any CPU.Build.0 = Release|Any CPU
		{8E8DC896-E87D-4CF9-B3A0-2F72E656D92F}.Debug|Any CPU.ActiveCfg = Debug|Any CPU
		{8E8DC896-E87D-4CF9-B3A0-2F72E656D92F}.Debug|Any CPU.Build.0 = Debug|Any CPU
		{8E8DC896-E87D-4CF9-B3A0-2F72E656D92F}.Release|Any CPU.ActiveCfg = Release|Any CPU
		{8E8DC896-E87D-4CF9-B3A0-2F72E656D92F}.Release|Any CPU.Build.0 = Release|Any CPU
		{383F4FEB-96E5-4CD5-857D-DF40EC4D5BB0}.Debug|Any CPU.ActiveCfg = Debug|Any CPU
		{383F4FEB-96E5-4CD5-857D-DF40EC4D5BB0}.Debug|Any CPU.Build.0 = Debug|Any CPU
		{383F4FEB-96E5-4CD5-857D-DF40EC4D5BB0}.Release|Any CPU.ActiveCfg = Release|Any CPU
		{383F4FEB-96E5-4CD5-857D-DF40EC4D5BB0}.Release|Any CPU.Build.0 = Release|Any CPU
		{9BFE4C01-8B5E-4A65-86FD-A1060BE68C3C}.Debug|Any CPU.ActiveCfg = Debug|Any CPU
		{9BFE4C01-8B5E-4A65-86FD-A1060BE68C3C}.Debug|Any CPU.Build.0 = Debug|Any CPU
		{9BFE4C01-8B5E-4A65-86FD-A1060BE68C3C}.Release|Any CPU.ActiveCfg = Release|Any CPU
		{9BFE4C01-8B5E-4A65-86FD-A1060BE68C3C}.Release|Any CPU.Build.0 = Release|Any CPU
		{B2B1DDE9-36BC-4D53-A6F9-8D1FE7AF76D0}.Debug|Any CPU.ActiveCfg = Debug|Any CPU
		{B2B1DDE9-36BC-4D53-A6F9-8D1FE7AF76D0}.Debug|Any CPU.Build.0 = Debug|Any CPU
		{B2B1DDE9-36BC-4D53-A6F9-8D1FE7AF76D0}.Release|Any CPU.ActiveCfg = Release|Any CPU
		{B2B1DDE9-36BC-4D53-A6F9-8D1FE7AF76D0}.Release|Any CPU.Build.0 = Release|Any CPU
		{E5A38C99-1414-43D4-ABFE-2DC7563B83A8}.Debug|Any CPU.ActiveCfg = Debug|Any CPU
		{E5A38C99-1414-43D4-ABFE-2DC7563B83A8}.Debug|Any CPU.Build.0 = Debug|Any CPU
		{E5A38C99-1414-43D4-ABFE-2DC7563B83A8}.Release|Any CPU.ActiveCfg = Release|Any CPU
		{E5A38C99-1414-43D4-ABFE-2DC7563B83A8}.Release|Any CPU.Build.0 = Release|Any CPU
		{FF2565C4-0AFD-4DB4-AA6D-994D1624B66D}.Debug|Any CPU.ActiveCfg = Debug|Any CPU
		{FF2565C4-0AFD-4DB4-AA6D-994D1624B66D}.Debug|Any CPU.Build.0 = Debug|Any CPU
		{FF2565C4-0AFD-4DB4-AA6D-994D1624B66D}.Release|Any CPU.ActiveCfg = Release|Any CPU
		{FF2565C4-0AFD-4DB4-AA6D-994D1624B66D}.Release|Any CPU.Build.0 = Release|Any CPU
		{1E4C0D57-FFBF-4B0C-95C9-4452342D02A8}.Debug|Any CPU.ActiveCfg = Debug|Any CPU
		{1E4C0D57-FFBF-4B0C-95C9-4452342D02A8}.Debug|Any CPU.Build.0 = Debug|Any CPU
		{1E4C0D57-FFBF-4B0C-95C9-4452342D02A8}.Release|Any CPU.ActiveCfg = Release|Any CPU
		{1E4C0D57-FFBF-4B0C-95C9-4452342D02A8}.Release|Any CPU.Build.0 = Release|Any CPU
		{F1629477-CC28-4F61-B5BC-11FACCD4441A}.Debug|Any CPU.ActiveCfg = Debug|Any CPU
		{F1629477-CC28-4F61-B5BC-11FACCD4441A}.Debug|Any CPU.Build.0 = Debug|Any CPU
		{F1629477-CC28-4F61-B5BC-11FACCD4441A}.Release|Any CPU.ActiveCfg = Release|Any CPU
		{F1629477-CC28-4F61-B5BC-11FACCD4441A}.Release|Any CPU.Build.0 = Release|Any CPU
		{59C1D89D-AF09-4428-AAF8-75CCE6573F4D}.Debug|Any CPU.ActiveCfg = Debug|Any CPU
		{59C1D89D-AF09-4428-AAF8-75CCE6573F4D}.Debug|Any CPU.Build.0 = Debug|Any CPU
		{59C1D89D-AF09-4428-AAF8-75CCE6573F4D}.Release|Any CPU.ActiveCfg = Release|Any CPU
		{59C1D89D-AF09-4428-AAF8-75CCE6573F4D}.Release|Any CPU.Build.0 = Release|Any CPU
		{5D716F6A-1533-4B04-BC14-A4D065C2D679}.Debug|Any CPU.ActiveCfg = Debug|Any CPU
		{5D716F6A-1533-4B04-BC14-A4D065C2D679}.Debug|Any CPU.Build.0 = Debug|Any CPU
		{5D716F6A-1533-4B04-BC14-A4D065C2D679}.Release|Any CPU.ActiveCfg = Release|Any CPU
		{5D716F6A-1533-4B04-BC14-A4D065C2D679}.Release|Any CPU.Build.0 = Release|Any CPU
		{185DE51A-4E49-433F-855B-384864CEC554}.Debug|Any CPU.ActiveCfg = Debug|Any CPU
		{185DE51A-4E49-433F-855B-384864CEC554}.Debug|Any CPU.Build.0 = Debug|Any CPU
		{185DE51A-4E49-433F-855B-384864CEC554}.Release|Any CPU.ActiveCfg = Release|Any CPU
		{185DE51A-4E49-433F-855B-384864CEC554}.Release|Any CPU.Build.0 = Release|Any CPU
		{81C12840-ED41-47A1-AEE6-11E349DF4D89}.Debug|Any CPU.ActiveCfg = Debug|Any CPU
		{81C12840-ED41-47A1-AEE6-11E349DF4D89}.Debug|Any CPU.Build.0 = Debug|Any CPU
		{81C12840-ED41-47A1-AEE6-11E349DF4D89}.Release|Any CPU.ActiveCfg = Release|Any CPU
		{81C12840-ED41-47A1-AEE6-11E349DF4D89}.Release|Any CPU.Build.0 = Release|Any CPU
		{BFCBC999-07A6-4CF1-A493-15B676FB5BAD}.Debug|Any CPU.ActiveCfg = Debug|Any CPU
		{BFCBC999-07A6-4CF1-A493-15B676FB5BAD}.Debug|Any CPU.Build.0 = Debug|Any CPU
		{BFCBC999-07A6-4CF1-A493-15B676FB5BAD}.Release|Any CPU.ActiveCfg = Release|Any CPU
		{BFCBC999-07A6-4CF1-A493-15B676FB5BAD}.Release|Any CPU.Build.0 = Release|Any CPU
		{589B5B5E-1FD5-4C07-84CB-98723A39FE67}.Debug|Any CPU.ActiveCfg = Debug|Any CPU
		{589B5B5E-1FD5-4C07-84CB-98723A39FE67}.Debug|Any CPU.Build.0 = Debug|Any CPU
		{589B5B5E-1FD5-4C07-84CB-98723A39FE67}.Release|Any CPU.ActiveCfg = Release|Any CPU
		{589B5B5E-1FD5-4C07-84CB-98723A39FE67}.Release|Any CPU.Build.0 = Release|Any CPU
		{D5E76D75-2C4A-4C22-956E-8B2E03CC1693}.Debug|Any CPU.ActiveCfg = Debug|Any CPU
		{D5E76D75-2C4A-4C22-956E-8B2E03CC1693}.Debug|Any CPU.Build.0 = Debug|Any CPU
		{D5E76D75-2C4A-4C22-956E-8B2E03CC1693}.Release|Any CPU.ActiveCfg = Release|Any CPU
		{D5E76D75-2C4A-4C22-956E-8B2E03CC1693}.Release|Any CPU.Build.0 = Release|Any CPU
		{6B3F4624-6A69-4579-B535-71CAC7619C48}.Debug|Any CPU.ActiveCfg = Debug|Any CPU
		{6B3F4624-6A69-4579-B535-71CAC7619C48}.Debug|Any CPU.Build.0 = Debug|Any CPU
		{6B3F4624-6A69-4579-B535-71CAC7619C48}.Release|Any CPU.ActiveCfg = Release|Any CPU
		{6B3F4624-6A69-4579-B535-71CAC7619C48}.Release|Any CPU.Build.0 = Release|Any CPU
		{69654B69-6BEB-46DA-A48A-A7526A72EFEC}.Debug|Any CPU.ActiveCfg = Debug|Any CPU
		{69654B69-6BEB-46DA-A48A-A7526A72EFEC}.Debug|Any CPU.Build.0 = Debug|Any CPU
		{69654B69-6BEB-46DA-A48A-A7526A72EFEC}.Release|Any CPU.ActiveCfg = Release|Any CPU
		{69654B69-6BEB-46DA-A48A-A7526A72EFEC}.Release|Any CPU.Build.0 = Release|Any CPU
		{2DF43E82-147F-40D2-AB85-825CCF564C59}.Debug|Any CPU.ActiveCfg = Debug|Any CPU
		{2DF43E82-147F-40D2-AB85-825CCF564C59}.Debug|Any CPU.Build.0 = Debug|Any CPU
		{2DF43E82-147F-40D2-AB85-825CCF564C59}.Release|Any CPU.ActiveCfg = Release|Any CPU
		{2DF43E82-147F-40D2-AB85-825CCF564C59}.Release|Any CPU.Build.0 = Release|Any CPU
		{C7B4271B-1573-4C96-A445-DB847172806B}.Debug|Any CPU.ActiveCfg = Debug|Any CPU
		{C7B4271B-1573-4C96-A445-DB847172806B}.Debug|Any CPU.Build.0 = Debug|Any CPU
		{C7B4271B-1573-4C96-A445-DB847172806B}.Release|Any CPU.ActiveCfg = Release|Any CPU
		{C7B4271B-1573-4C96-A445-DB847172806B}.Release|Any CPU.Build.0 = Release|Any CPU
		{63FF41E5-088A-4A62-A5D8-AA3446000220}.Debug|Any CPU.ActiveCfg = Debug|Any CPU
		{63FF41E5-088A-4A62-A5D8-AA3446000220}.Debug|Any CPU.Build.0 = Debug|Any CPU
		{63FF41E5-088A-4A62-A5D8-AA3446000220}.Release|Any CPU.ActiveCfg = Release|Any CPU
		{63FF41E5-088A-4A62-A5D8-AA3446000220}.Release|Any CPU.Build.0 = Release|Any CPU
	EndGlobalSection
	GlobalSection(SolutionProperties) = preSolution
		HideSolutionNode = FALSE
	EndGlobalSection
	GlobalSection(ExtensibilityGlobals) = postSolution
		SolutionGuid = {B2702844-60D9-4BA6-95EF-265E97113707}
	EndGlobalSection
EndGlobal
